
Microsoft Visual Studio Solution File, Format Version 12.00
# Visual Studio Version 16
VisualStudioVersion = 16.0.29709.97
MinimumVisualStudioVersion = 10.0.40219.1
Project("{FAE04EC0-301F-11D3-BF4B-00C04F79EFBC}") = "Lab 2-1 Room Calculator", "Lab 2-1 Room Calculator.csproj", "{70BDBB9E-3EDA-42F8-AB3F-90EA737B541B}"
EndProject
Global
	GlobalSection(SolutionConfigurationPlatforms) = preSolution
		Debug|Any CPU = Debug|Any CPU
		Release|Any CPU = Release|Any CPU
	EndGlobalSection
	GlobalSection(ProjectConfigurationPlatforms) = postSolution
		{70BDBB9E-3EDA-42F8-AB3F-90EA737B541B}.Debug|Any CPU.ActiveCfg = Debug|Any CPU
		{70BDBB9E-3EDA-42F8-AB3F-90EA737B541B}.Debug|Any CPU.Build.0 = Debug|Any CPU
		{70BDBB9E-3EDA-42F8-AB3F-90EA737B541B}.Release|Any CPU.ActiveCfg = Release|Any CPU
		{70BDBB9E-3EDA-42F8-AB3F-90EA737B541B}.Release|Any CPU.Build.0 = Release|Any CPU
	EndGlobalSection
	GlobalSection(SolutionProperties) = preSolution
		HideSolutionNode = FALSE
	EndGlobalSection
	GlobalSection(ExtensibilityGlobals) = postSolution
		SolutionGuid = {A19D8DD1-3C4A-4E92-B194-BD4B9E4CB195}
	EndGlobalSection
EndGlobal
